{
  "nodes": {
    "hy-src": {
      "flake": false,
      "locked": {
        "lastModified": 1785518460,
        "narHash": "sha256-qNgPuFG/j/q1osu/IJ8JbF+l/XiCphdhUYPOKbLEgTk=",
        "owner": "hylang",
        "repo": "hy",
        "rev": "ebe41ec33fd77d61148735965e28fb395bd64730",
        "type": "github"
      },
      "original": {
        "owner": "hylang",
        "ref": "1.3.1",
        "repo": "hy",
        "type": "github"
      }
    },
    "nixpkgs": {
      "locked": {
        "lastModified": 1782723713,
        "narHash": "sha256-oPXCU/SSUokcGaJREHibG1CBX3+s/W7orDWQOZDsEeQ=",
        "owner": "NixOS",
        "repo": "nixpkgs",
        "rev": "b5aa0fbd538984f6e3d201be0005b4463d8b09f8",
        "type": "github"
      },
      "original": {
        "owner": "NixOS",
        "ref": "nixos-unstable",
        "repo": "nixpkgs",
        "type": "github"
      }
    },
    "root": {
      "inputs": {
        "hy-src": "hy-src",
        "nixpkgs": "nixpkgs"
      }
    }
  },
  "root": "root",
  "version": 7
}
